
Microsoft Visual Studio Solution File, Format Version 12.00
# Visual Studio Version 16
VisualStudioVersion = 16.0.29806.167
MinimumVisualStudioVersion = 10.0.40219.1
Project("{FAE04EC0-301F-11D3-BF4B-00C04F79EFBC}") = "WebDemo.Data", "WebDemo.Data\WebDemo.Data.csproj", "{962F9FFD-BC4F-44F7-9FB5-DC0365619C76}"
EndProject
Global
	GlobalSection(SolutionConfigurationPlatforms) = preSolution
		Debug|Any CPU = Debug|Any CPU
		Release|Any CPU = Release|Any CPU
	EndGlobalSection
	GlobalSection(ProjectConfigurationPlatforms) = postSolution
		{962F9FFD-BC4F-44F7-9FB5-DC0365619C76}.Debug|Any CPU.ActiveCfg = Debug|Any CPU
		{962F9FFD-BC4F-44F7-9FB5-DC0365619C76}.Debug|Any CPU.Build.0 = Debug|Any CPU
		{962F9FFD-BC4F-44F7-9FB5-DC0365619C76}.Release|Any CPU.ActiveCfg = Release|Any CPU
		{962F9FFD-BC4F-44F7-9FB5-DC0365619C76}.Release|Any CPU.Build.0 = Release|Any CPU
	EndGlobalSection
	GlobalSection(SolutionProperties) = preSolution
		HideSolutionNode = FALSE
	EndGlobalSection
	GlobalSection(ExtensibilityGlobals) = postSolution
		SolutionGuid = {195C48F1-A8EC-4952-BDED-D2847D091FAE}
	EndGlobalSection
EndGlobal
